
Microsoft Visual Studio Solution File, Format Version 12.00
# Visual Studio 2012
Project("{E24C65DC-7377-472B-9ABA-BC803B73C61A}") = "assets", "assets\", "{29695485-BAAF-4B5D-B784-B171CB9D4836}"
	ProjectSection(WebsiteProperties) = preProject
		TargetFrameworkMoniker = ".NETFramework,Version%3Dv4.0"
		Debug.AspNetCompiler.VirtualPath = "/assets"
		Debug.AspNetCompiler.PhysicalPath = "I:\Dropbox\Projects\BlueWind.MangaSuite\assets\"
		Debug.AspNetCompiler.TargetPath = "PrecompiledWeb\assets\"
		Debug.AspNetCompiler.Updateable = "true"
		Debug.AspNetCompiler.ForceOverwrite = "true"
		Debug.AspNetCompiler.FixedNames = "false"
		Debug.AspNetCompiler.Debug = "True"
		Release.AspNetCompiler.VirtualPath = "/assets"
		Release.AspNetCompiler.PhysicalPath = "I:\Dropbox\Projects\BlueWind.MangaSuite\assets\"
		Release.AspNetCompiler.TargetPath = "PrecompiledWeb\assets\"
		Release.AspNetCompiler.Updateable = "true"
		Release.AspNetCompiler.ForceOverwrite = "true"
		Release.AspNetCompiler.FixedNames = "false"
		Release.AspNetCompiler.Debug = "False"
		VWDPort = "18210"
	EndProjectSection
EndProject
Global
	GlobalSection(SolutionConfigurationPlatforms) = preSolution
		Debug|Any CPU = Debug|Any CPU
	EndGlobalSection
	GlobalSection(ProjectConfigurationPlatforms) = postSolution
		{29695485-BAAF-4B5D-B784-B171CB9D4836}.Debug|Any CPU.ActiveCfg = Debug|Any CPU
		{29695485-BAAF-4B5D-B784-B171CB9D4836}.Debug|Any CPU.Build.0 = Debug|Any CPU
	EndGlobalSection
	GlobalSection(SolutionProperties) = preSolution
		HideSolutionNode = FALSE
	EndGlobalSection
EndGlobal
