
Microsoft Visual Studio Solution File, Format Version 12.00
# Visual Studio 2012
Project("{2150E333-8FDC-42A3-9474-1A3956D46DE8}") = "Solution Items", "Solution Items", "{8FFF6E58-C339-4112-A5A2-583ED21B2679}"
	ProjectSection(SolutionItems) = preProject
		..\BlueWind.Pos\nuget.config = ..\BlueWind.Pos\nuget.config
	EndProjectSection
EndProject
Project("{FAE04EC0-301F-11D3-BF4B-00C04F79EFBC}") = "ScanManga", "ScanManga\ScanManga.csproj", "{13A49288-96DE-431F-B03D-1A3A79E961E3}"
EndProject
Project("{FAE04EC0-301F-11D3-BF4B-00C04F79EFBC}") = "MangaSuite", "MangaSuite\MangaSuite.csproj", "{7D39CF94-1B0C-44D4-9EF0-190739F61211}"
EndProject
Project("{FAE04EC0-301F-11D3-BF4B-00C04F79EFBC}") = "BlueWind.Crawler.Manga", "BlueWind.Crawler.Manga\BlueWind.Crawler.Manga.csproj", "{DB8F0402-E83F-4F39-8DC5-E80D9AD9B919}"
EndProject
Project("{FAE04EC0-301F-11D3-BF4B-00C04F79EFBC}") = "BlueWind.Crawler.Core", "BlueWind.Crawler.Core\BlueWind.Crawler.Core.csproj", "{01156AA0-1F56-4676-91C9-F634BD652FCD}"
EndProject
Global
	GlobalSection(SolutionConfigurationPlatforms) = preSolution
		Debug|Any CPU = Debug|Any CPU
		Debug|ARM = Debug|ARM
		Debug|x64 = Debug|x64
		Debug|x86 = Debug|x86
		Release|Any CPU = Release|Any CPU
		Release|ARM = Release|ARM
		Release|x64 = Release|x64
		Release|x86 = Release|x86
	EndGlobalSection
	GlobalSection(ProjectConfigurationPlatforms) = postSolution
		{13A49288-96DE-431F-B03D-1A3A79E961E3}.Debug|Any CPU.ActiveCfg = Debug|Any CPU
		{13A49288-96DE-431F-B03D-1A3A79E961E3}.Debug|Any CPU.Build.0 = Debug|Any CPU
		{13A49288-96DE-431F-B03D-1A3A79E961E3}.Debug|ARM.ActiveCfg = Debug|Any CPU
		{13A49288-96DE-431F-B03D-1A3A79E961E3}.Debug|x64.ActiveCfg = Debug|Any CPU
		{13A49288-96DE-431F-B03D-1A3A79E961E3}.Debug|x86.ActiveCfg = Debug|Any CPU
		{13A49288-96DE-431F-B03D-1A3A79E961E3}.Release|Any CPU.ActiveCfg = Release|Any CPU
		{13A49288-96DE-431F-B03D-1A3A79E961E3}.Release|Any CPU.Build.0 = Release|Any CPU
		{13A49288-96DE-431F-B03D-1A3A79E961E3}.Release|ARM.ActiveCfg = Release|Any CPU
		{13A49288-96DE-431F-B03D-1A3A79E961E3}.Release|x64.ActiveCfg = Release|Any CPU
		{13A49288-96DE-431F-B03D-1A3A79E961E3}.Release|x86.ActiveCfg = Release|Any CPU
		{7D39CF94-1B0C-44D4-9EF0-190739F61211}.Debug|Any CPU.ActiveCfg = Debug|Any CPU
		{7D39CF94-1B0C-44D4-9EF0-190739F61211}.Debug|Any CPU.Build.0 = Debug|Any CPU
		{7D39CF94-1B0C-44D4-9EF0-190739F61211}.Debug|ARM.ActiveCfg = Debug|Any CPU
		{7D39CF94-1B0C-44D4-9EF0-190739F61211}.Debug|x64.ActiveCfg = Debug|Any CPU
		{7D39CF94-1B0C-44D4-9EF0-190739F61211}.Debug|x86.ActiveCfg = Debug|Any CPU
		{7D39CF94-1B0C-44D4-9EF0-190739F61211}.Release|Any CPU.ActiveCfg = Release|Any CPU
		{7D39CF94-1B0C-44D4-9EF0-190739F61211}.Release|Any CPU.Build.0 = Release|Any CPU
		{7D39CF94-1B0C-44D4-9EF0-190739F61211}.Release|ARM.ActiveCfg = Release|Any CPU
		{7D39CF94-1B0C-44D4-9EF0-190739F61211}.Release|x64.ActiveCfg = Release|Any CPU
		{7D39CF94-1B0C-44D4-9EF0-190739F61211}.Release|x86.ActiveCfg = Release|Any CPU
		{DB8F0402-E83F-4F39-8DC5-E80D9AD9B919}.Debug|Any CPU.ActiveCfg = Debug|Any CPU
		{DB8F0402-E83F-4F39-8DC5-E80D9AD9B919}.Debug|Any CPU.Build.0 = Debug|Any CPU
		{DB8F0402-E83F-4F39-8DC5-E80D9AD9B919}.Debug|ARM.ActiveCfg = Debug|Any CPU
		{DB8F0402-E83F-4F39-8DC5-E80D9AD9B919}.Debug|x64.ActiveCfg = Debug|Any CPU
		{DB8F0402-E83F-4F39-8DC5-E80D9AD9B919}.Debug|x86.ActiveCfg = Debug|Any CPU
		{DB8F0402-E83F-4F39-8DC5-E80D9AD9B919}.Release|Any CPU.ActiveCfg = Release|Any CPU
		{DB8F0402-E83F-4F39-8DC5-E80D9AD9B919}.Release|Any CPU.Build.0 = Release|Any CPU
		{DB8F0402-E83F-4F39-8DC5-E80D9AD9B919}.Release|ARM.ActiveCfg = Release|Any CPU
		{DB8F0402-E83F-4F39-8DC5-E80D9AD9B919}.Release|x64.ActiveCfg = Release|Any CPU
		{DB8F0402-E83F-4F39-8DC5-E80D9AD9B919}.Release|x86.ActiveCfg = Release|Any CPU
		{01156AA0-1F56-4676-91C9-F634BD652FCD}.Debug|Any CPU.ActiveCfg = Debug|Any CPU
		{01156AA0-1F56-4676-91C9-F634BD652FCD}.Debug|Any CPU.Build.0 = Debug|Any CPU
		{01156AA0-1F56-4676-91C9-F634BD652FCD}.Debug|ARM.ActiveCfg = Debug|Any CPU
		{01156AA0-1F56-4676-91C9-F634BD652FCD}.Debug|x64.ActiveCfg = Debug|Any CPU
		{01156AA0-1F56-4676-91C9-F634BD652FCD}.Debug|x86.ActiveCfg = Debug|Any CPU
		{01156AA0-1F56-4676-91C9-F634BD652FCD}.Release|Any CPU.ActiveCfg = Release|Any CPU
		{01156AA0-1F56-4676-91C9-F634BD652FCD}.Release|Any CPU.Build.0 = Release|Any CPU
		{01156AA0-1F56-4676-91C9-F634BD652FCD}.Release|ARM.ActiveCfg = Release|Any CPU
		{01156AA0-1F56-4676-91C9-F634BD652FCD}.Release|x64.ActiveCfg = Release|Any CPU
		{01156AA0-1F56-4676-91C9-F634BD652FCD}.Release|x86.ActiveCfg = Release|Any CPU
	EndGlobalSection
	GlobalSection(SolutionProperties) = preSolution
		HideSolutionNode = FALSE
	EndGlobalSection
EndGlobal
